// !$*UTF8*$!
{
	archiveVersion = 1;
	classes = {
	};
	objectVersion = 55;
	objects = {

/* Begin PBXBuildFile section */
		F9E2940B2794FC96005D7E62 /* AppDelegate.swift in Sources */ = {isa = PBXBuildFile; fileRef = F9E2940A2794FC96005D7E62 /* AppDelegate.swift */; };
		F9E2940D2794FC96005D7E62 /* SceneDelegate.swift in Sources */ = {isa = PBXBuildFile; fileRef = F9E2940C2794FC96005D7E62 /* SceneDelegate.swift */; };
		F9E2940F2794FC96005D7E62 /* ViewController.swift in Sources */ = {isa = PBXBuildFile; fileRef = F9E2940E2794FC96005D7E62 /* ViewController.swift */; };
		F9E294122794FC96005D7E62 /* Main.storyboard in Resources */ = {isa = PBXBuildFile; fileRef = F9E294102794FC96005D7E62 /* Main.storyboard */; };
		F9E294142794FC97005D7E62 /* Assets.xcassets in Resources */ = {isa = PBXBuildFile; fileRef = F9E294132794FC97005D7E62 /* Assets.xcassets */; };
		F9E294172794FC97005D7E62 /* LaunchScreen.storyboard in Resources */ = {isa = PBXBuildFile; fileRef = F9E294152794FC97005D7E62 /* LaunchScreen.storyboard */; };
		F9E294222794FC98005D7E62 /* DrawingARTests.swift in Sources */ = {isa = PBXBuildFile; fileRef = F9E294212794FC98005D7E62 /* DrawingARTests.swift */; };
		F9E2942C2794FC98005D7E62 /* DrawingARUITests.swift in Sources */ = {isa = PBXBuildFile; fileRef = F9E2942B2794FC98005D7E62 /* DrawingARUITests.swift */; };
		F9E2942E2794FC98005D7E62 /* DrawingARUITestsLaunchTests.swift in Sources */ = {isa = PBXBuildFile; fileRef = F9E2942D2794FC98005D7E62 /* DrawingARUITestsLaunchTests.swift */; };
/* End PBXBuildFile section */

/* Begin PBXContainerItemProxy section */
		F9E2941E2794FC98005D7E62 /* PBXContainerItemProxy */ = {
			isa = PBXContainerItemProxy;
			containerPortal = F9E293FF2794FC96005D7E62 /* Project object */;
			proxyType = 1;
			remoteGlobalIDString = F9E294062794FC96005D7E62;
			remoteInfo = DrawingAR;
		};
		F9E294282794FC98005D7E62 /* PBXContainerItemProxy */ = {
			isa = PBXContainerItemProxy;
			containerPortal = F9E293FF2794FC96005D7E62 /* Project object */;
			proxyType = 1;
			remoteGlobalIDString = F9E294062794FC96005D7E62;
			remoteInfo = DrawingAR;
		};
/* End PBXContainerItemProxy section */

/* Begin PBXFileReference section */
		F9E294072794FC96005D7E62 /* DrawingAR.app */ = {isa = PBXFileReference; explicitFileType = wrapper.application; includeInIndex = 0; path = DrawingAR.app; sourceTree = BUILT_PRODUCTS_DIR; };
		F9E2940A2794FC96005D7E62 /* AppDelegate.swift */ = {isa = PBXFileReference; lastKnownFileType = sourcecode.swift; path = AppDelegate.swift; sourceTree = "<group>"; };
		F9E2940C2794FC96005D7E62 /* SceneDelegate.swift */ = {isa = PBXFileReference; lastKnownFileType = sourcecode.swift; path = SceneDelegate.swift; sourceTree = "<group>"; };
		F9E2940E2794FC96005D7E62 /* ViewController.swift */ = {isa = PBXFileReference; lastKnownFileType = sourcecode.swift; path = ViewController.swift; sourceTree = "<group>"; };
		F9E294112794FC96005D7E62 /* Base */ = {isa = PBXFileReference; lastKnownFileType = file.storyboard; name = Base; path = Base.lproj/Main.storyboard; sourceTree = "<group>"; };
		F9E294132794FC97005D7E62 /* Assets.xcassets */ = {isa = PBXFileReference; lastKnownFileType = folder.assetcatalog; path = Assets.xcassets; sourceTree = "<group>"; };
		F9E294162794FC97005D7E62 /* Base */ = {isa = PBXFileReference; lastKnownFileType = file.storyboard; name = Base; path = Base.lproj/LaunchScreen.storyboard; sourceTree = "<group>"; };
		F9E294182794FC97005D7E62 /* Info.plist */ = {isa = PBXFileReference; lastKnownFileType = text.plist.xml; path = Info.plist; sourceTree = "<group>"; };
		F9E2941D2794FC98005D7E62 /* DrawingARTests.xctest */ = {isa = PBXFileReference; explicitFileType = wrapper.cfbundle; includeInIndex = 0; path = DrawingARTests.xctest; sourceTree = BUILT_PRODUCTS_DIR; };
		F9E294212794FC98005D7E62 /* DrawingARTests.swift */ = {isa = PBXFileReference; lastKnownFileType = sourcecode.swift; path = DrawingARTests.swift; sourceTree = "<group>"; };
		F9E294272794FC98005D7E62 /* DrawingARUITests.xctest */ = {isa = PBXFileReference; explicitFileType = wrapper.cfbundle; includeInIndex = 0; path = DrawingARUITests.xctest; sourceTree = BUILT_PRODUCTS_DIR; };
		F9E2942B2794FC98005D7E62 /* DrawingARUITests.swift */ = {isa = PBXFileReference; lastKnownFileType = sourcecode.swift; path = DrawingARUITests.swift; sourceTree = "<group>"; };
		F9E2942D2794FC98005D7E62 /* DrawingARUITestsLaunchTests.swift */ = {isa = PBXFileReference; lastKnownFileType = sourcecode.swift; path = DrawingARUITestsLaunchTests.swift; sourceTree = "<group>"; };
/* End PBXFileReference section */

/* Begin PBXFrameworksBuildPhase section */
		F9E294042794FC96005D7E62 /* Frameworks */ = {
			isa = PBXFrameworksBuildPhase;
			buildActionMask = 2147483647;
			files = (
			);
			runOnlyForDeploymentPostprocessing = 0;
		};
		F9E2941A2794FC98005D7E62 /* Frameworks */ = {
			isa = PBXFrameworksBuildPhase;
			buildActionMask = 2147483647;
			files = (
			);
			runOnlyForDeploymentPostprocessing = 0;
		};
		F9E294242794FC98005D7E62 /* Frameworks */ = {
			isa = PBXFrameworksBuildPhase;
			buildActionMask = 2147483647;
			files = (
			);
			runOnlyForDeploymentPostprocessing = 0;
		};
/* End PBXFrameworksBuildPhase section */

/* Begin PBXGroup section */
		F9E293FE2794FC96005D7E62 = {
			isa = PBXGroup;
			children = (
				F9E294092794FC96005D7E62 /* DrawingAR */,
				F9E294202794FC98005D7E62 /* DrawingARTests */,
				F9E2942A2794FC98005D7E62 /* DrawingARUITests */,
				F9E294082794FC96005D7E62 /* Products */,
			);
			sourceTree = "<group>";
		};
		F9E294082794FC96005D7E62 /* Products */ = {
			isa = PBXGroup;
			children = (
				F9E294072794FC96005D7E62 /* DrawingAR.app */,
				F9E2941D2794FC98005D7E62 /* DrawingARTests.xctest */,
				F9E294272794FC98005D7E62 /* DrawingARUITests.xctest */,
			);
			name = Products;
			sourceTree = "<group>";
		};
		F9E294092794FC96005D7E62 /* DrawingAR */ = {
			isa = PBXGroup;
			children = (
				F9E2940A2794FC96005D7E62 /* AppDelegate.swift */,
				F9E2940C2794FC96005D7E62 /* SceneDelegate.swift */,
				F9E2940E2794FC96005D7E62 /* ViewController.swift */,
				F9E294102794FC96005D7E62 /* Main.storyboard */,
				F9E294132794FC97005D7E62 /* Assets.xcassets */,
				F9E294152794FC97005D7E62 /* LaunchScreen.storyboard */,
				F9E294182794FC97005D7E62 /* Info.plist */,
			);
			path = DrawingAR;
			sourceTree = "<group>";
		};
		F9E294202794FC98005D7E62 /* DrawingARTests */ = {
			isa = PBXGroup;
			children = (
				F9E294212794FC98005D7E62 /* DrawingARTests.swift */,
			);
			path = DrawingARTests;
			sourceTree = "<group>";
		};
		F9E2942A2794FC98005D7E62 /* DrawingARUITests */ = {
			isa = PBXGroup;
			children = (
				F9E2942B2794FC98005D7E62 /* DrawingARUITests.swift */,
				F9E2942D2794FC98005D7E62 /* DrawingARUITestsLaunchTests.swift */,
			);
			path = DrawingARUITests;
			sourceTree = "<group>";
		};
/* End PBXGroup section */

/* Begin PBXNativeTarget section */
		F9E294062794FC96005D7E62 /* DrawingAR */ = {
			isa = PBXNativeTarget;
			buildConfigurationList = F9E294312794FC98005D7E62 /* Build configuration list for PBXNativeTarget "DrawingAR" */;
			buildPhases = (
				F9E294032794FC96005D7E62 /* Sources */,
				F9E294042794FC96005D7E62 /* Frameworks */,
				F9E294052794FC96005D7E62 /* Resources */,
			);
			buildRules = (
			);
			dependencies = (
			);
			name = DrawingAR;
			productName = DrawingAR;
			productReference = F9E294072794FC96005D7E62 /* DrawingAR.app */;
			productType = "com.apple.product-type.application";
		};
		F9E2941C2794FC98005D7E62 /* DrawingARTests */ = {
			isa = PBXNativeTarget;
			buildConfigurationList = F9E294342794FC98005D7E62 /* Build configuration list for PBXNativeTarget "DrawingARTests" */;
			buildPhases = (
				F9E294192794FC98005D7E62 /* Sources */,
				F9E2941A2794FC98005D7E62 /* Frameworks */,
				F9E2941B2794FC98005D7E62 /* Resources */,
			);
			buildRules = (
			);
			dependencies = (
				F9E2941F2794FC98005D7E62 /* PBXTargetDependency */,
			);
			name = DrawingARTests;
			productName = DrawingARTests;
			productReference = F9E2941D2794FC98005D7E62 /* DrawingARTests.xctest */;
			productType = "com.apple.product-type.bundle.unit-test";
		};
		F9E294262794FC98005D7E62 /* DrawingARUITests */ = {
			isa = PBXNativeTarget;
			buildConfigurationList = F9E294372794FC98005D7E62 /* Build configuration list for PBXNativeTarget "DrawingARUITests" */;
			buildPhases = (
				F9E294232794FC98005D7E62 /* Sources */,
				F9E294242794FC98005D7E62 /* Frameworks */,
				F9E294252794FC98005D7E62 /* Resources */,
			);
			buildRules = (
			);
			dependencies = (
				F9E294292794FC98005D7E62 /* PBXTargetDependency */,
			);
			name = DrawingARUITests;
			productName = DrawingARUITests;
			productReference = F9E294272794FC98005D7E62 /* DrawingARUITests.xctest */;
			productType = "com.apple.product-type.bundle.ui-testing";
		};
/* End PBXNativeTarget section */

/* Begin PBXProject section */
		F9E293FF2794FC96005D7E62 /* Project object */ = {
			isa = PBXProject;
			attributes = {
				BuildIndependentTargetsInParallel = 1;
				LastSwiftUpdateCheck = 1310;
				LastUpgradeCheck = 1310;
				TargetAttributes = {
					F9E294062794FC96005D7E62 = {
						CreatedOnToolsVersion = 13.1;
					};
					F9E2941C2794FC98005D7E62 = {
						CreatedOnToolsVersion = 13.1;
						TestTargetID = F9E294062794FC96005D7E62;
					};
					F9E294262794FC98005D7E62 = {
						CreatedOnToolsVersion = 13.1;
						TestTargetID = F9E294062794FC96005D7E62;
					};
				};
			};
			buildConfigurationList = F9E294022794FC96005D7E62 /* Build configuration list for PBXProject "DrawingAR" */;
			compatibilityVersion = "Xcode 13.0";
			developmentRegion = en;
			hasScannedForEncodings = 0;
			knownRegions = (
				en,
				Base,
			);
			mainGroup = F9E293FE2794FC96005D7E62;
			productRefGroup = F9E294082794FC96005D7E62 /* Products */;
			projectDirPath = "";
			projectRoot = "";
			targets = (
				F9E294062794FC96005D7E62 /* DrawingAR */,
				F9E2941C2794FC98005D7E62 /* DrawingARTests */,
				F9E294262794FC98005D7E62 /* DrawingARUITests */,
			);
		};
/* End PBXProject section */

/* Begin PBXResourcesBuildPhase section */
		F9E294052794FC96005D7E62 /* Resources */ = {
			isa = PBXResourcesBuildPhase;
			buildActionMask = 2147483647;
			files = (
				F9E294172794FC97005D7E62 /* LaunchScreen.storyboard in Resources */,
				F9E294142794FC97005D7E62 /* Assets.xcassets in Resources */,
				F9E294122794FC96005D7E62 /* Main.storyboard in Resources */,
			);
			runOnlyForDeploymentPostprocessing = 0;
		};
		F9E2941B2794FC98005D7E62 /* Resources */ = {
			isa = PBXResourcesBuildPhase;
			buildActionMask = 2147483647;
			files = (
			);
			runOnlyForDeploymentPostprocessing = 0;
		};
		F9E294252794FC98005D7E62 /* Resources */ = {
			isa = PBXResourcesBuildPhase;
			buildActionMask = 2147483647;
			files = (
			);
			runOnlyForDeploymentPostprocessing = 0;
		};
/* End PBXResourcesBuildPhase section */

/* Begin PBXSourcesBuildPhase section */
		F9E294032794FC96005D7E62 /* Sources */ = {
			isa = PBXSourcesBuildPhase;
			buildActionMask = 2147483647;
			files = (
				F9E2940F2794FC96005D7E62 /* ViewController.swift in Sources */,
				F9E2940B2794FC96005D7E62 /* AppDelegate.swift in Sources */,
				F9E2940D2794FC96005D7E62 /* SceneDelegate.swift in Sources */,
			);
			runOnlyForDeploymentPostprocessing = 0;
		};
		F9E294192794FC98005D7E62 /* Sources */ = {
			isa = PBXSourcesBuildPhase;
			buildActionMask = 2147483647;
			files = (
				F9E294222794FC98005D7E62 /* DrawingARTests.swift in Sources */,
			);
			runOnlyForDeploymentPostprocessing = 0;
		};
		F9E294232794FC98005D7E62 /* Sources */ = {
			isa = PBXSourcesBuildPhase;
			buildActionMask = 2147483647;
			files = (
				F9E2942E2794FC98005D7E62 /* DrawingARUITestsLaunchTests.swift in Sources */,
				F9E2942C2794FC98005D7E62 /* DrawingARUITests.swift in Sources */,
			);
			runOnlyForDeploymentPostprocessing = 0;
		};
/* End PBXSourcesBuildPhase section */

/* Begin PBXTargetDependency section */
		F9E2941F2794FC98005D7E62 /* PBXTargetDependency */ = {
			isa = PBXTargetDependency;
			target = F9E294062794FC96005D7E62 /* DrawingAR */;
			targetProxy = F9E2941E2794FC98005D7E62 /* PBXContainerItemProxy */;
		};
		F9E294292794FC98005D7E62 /* PBXTargetDependency */ = {
			isa = PBXTargetDependency;
			target = F9E294062794FC96005D7E62 /* DrawingAR */;
			targetProxy = F9E294282794FC98005D7E62 /* PBXContainerItemProxy */;
		};
/* End PBXTargetDependency section */

/* Begin PBXVariantGroup section */
		F9E294102794FC96005D7E62 /* Main.storyboard */ = {
			isa = PBXVariantGroup;
			children = (
				F9E294112794FC96005D7E62 /* Base */,
			);
			name = Main.storyboard;
			sourceTree = "<group>";
		};
		F9E294152794FC97005D7E62 /* LaunchScreen.storyboard */ = {
			isa = PBXVariantGroup;
			children = (
				F9E294162794FC97005D7E62 /* Base */,
			);
			name = LaunchScreen.storyboard;
			sourceTree = "<group>";
		};
/* End PBXVariantGroup section */

/* Begin XCBuildConfiguration section */
		F9E2942F2794FC98005D7E62 /* Debug */ = {
			isa = XCBuildConfiguration;
			buildSettings = {
				ALWAYS_SEARCH_USER_PATHS = NO;
				CLANG_ANALYZER_NONNULL = YES;
				CLANG_ANALYZER_NUMBER_OBJECT_CONVERSION = YES_AGGRESSIVE;
				CLANG_CXX_LANGUAGE_STANDARD = "gnu++17";
				CLANG_CXX_LIBRARY = "libc++";
				CLANG_ENABLE_MODULES = YES;
				CLANG_ENABLE_OBJC_ARC = YES;
				CLANG_ENABLE_OBJC_WEAK = YES;
				CLANG_WARN_BLOCK_CAPTURE_AUTORELEASING = YES;
				CLANG_WARN_BOOL_CONVERSION = YES;
				CLANG_WARN_COMMA = YES;
				CLANG_WARN_CONSTANT_CONVERSION = YES;
				CLANG_WARN_DEPRECATED_OBJC_IMPLEMENTATIONS = YES;
				CLANG_WARN_DIRECT_OBJC_ISA_USAGE = YES_ERROR;
				CLANG_WARN_DOCUMENTATION_COMMENTS = YES;
				CLANG_WARN_EMPTY_BODY = YES;
				CLANG_WARN_ENUM_CONVERSION = YES;
				CLANG_WARN_INFINITE_RECURSION = YES;
				CLANG_WARN_INT_CONVERSION = YES;
				CLANG_WARN_NON_LITERAL_NULL_CONVERSION = YES;
				CLANG_WARN_OBJC_IMPLICIT_RETAIN_SELF = YES;
				CLANG_WARN_OBJC_LITERAL_CONVERSION = YES;
				CLANG_WARN_OBJC_ROOT_CLASS = YES_ERROR;
				CLANG_WARN_QUOTED_INCLUDE_IN_FRAMEWORK_HEADER = YES;
				CLANG_WARN_RANGE_LOOP_ANALYSIS = YES;
				CLANG_WARN_STRICT_PROTOTYPES = YES;
				CLANG_WARN_SUSPICIOUS_MOVE = YES;
				CLANG_WARN_UNGUARDED_AVAILABILITY = YES_AGGRESSIVE;
				CLANG_WARN_UNREACHABLE_CODE = YES;
				CLANG_WARN__DUPLICATE_METHOD_MATCH = YES;
				COPY_PHASE_STRIP = NO;
				DEBUG_INFORMATION_FORMAT = dwarf;
				ENABLE_STRICT_OBJC_MSGSEND = YES;
				ENABLE_TESTABILITY = YES;
				GCC_C_LANGUAGE_STANDARD = gnu11;
				GCC_DYNAMIC_NO_PIC = NO;
				GCC_NO_COMMON_BLOCKS = YES;
				GCC_OPTIMIZATION_LEVEL = 0;
				GCC_PREPROCESSOR_DEFINITIONS = (
					"DEBUG=1",
					"$(inherited)",
				);
				GCC_WARN_64_TO_32_BIT_CONVERSION = YES;
				GCC_WARN_ABOUT_RETURN_TYPE = YES_ERROR;
				GCC_WARN_UNDECLARED_SELECTOR = YES;
				GCC_WARN_UNINITIALIZED_AUTOS = YES_AGGRESSIVE;
				GCC_WARN_UNUSED_FUNCTION = YES;
				GCC_WARN_UNUSED_VARIABLE = YES;
				IPHONEOS_DEPLOYMENT_TARGET = 15.0;
				MTL_ENABLE_DEBUG_INFO = INCLUDE_SOURCE;
				MTL_FAST_MATH = YES;
				ONLY_ACTIVE_ARCH = YES;
				SDKROOT = iphoneos;
				SWIFT_ACTIVE_COMPILATION_CONDITIONS = DEBUG;
				SWIFT_OPTIMIZATION_LEVEL = "-Onone";
			};
			name = Debug;
		};
		F9E294302794FC98005D7E62 /* Release */ = {
			isa = XCBuildConfiguration;
			buildSettings = {
				ALWAYS_SEARCH_USER_PATHS = NO;
				CLANG_ANALYZER_NONNULL = YES;
				CLANG_ANALYZER_NUMBER_OBJECT_CONVERSION = YES_AGGRESSIVE;
				CLANG_CXX_LANGUAGE_STANDARD = "gnu++17";
				CLANG_CXX_LIBRARY = "libc++";
				CLANG_ENABLE_MODULES = YES;
				CLANG_ENABLE_OBJC_ARC = YES;
				CLANG_ENABLE_OBJC_WEAK = YES;
				CLANG_WARN_BLOCK_CAPTURE_AUTORELEASING = YES;
				CLANG_WARN_BOOL_CONVERSION = YES;
				CLANG_WARN_COMMA = YES;
				CLANG_WARN_CONSTANT_CONVERSION = YES;
				CLANG_WARN_DEPRECATED_OBJC_IMPLEMENTATIONS = YES;
				CLANG_WARN_DIRECT_OBJC_ISA_USAGE = YES_ERROR;
				CLANG_WARN_DOCUMENTATION_COMMENTS = YES;
				CLANG_WARN_EMPTY_BODY = YES;
				CLANG_WARN_ENUM_CONVERSION = YES;
				CLANG_WARN_INFINITE_RECURSION = YES;
				CLANG_WARN_INT_CONVERSION = YES;
				CLANG_WARN_NON_LITERAL_NULL_CONVERSION = YES;
				CLANG_WARN_OBJC_IMPLICIT_RETAIN_SELF = YES;
				CLANG_WARN_OBJC_LITERAL_CONVERSION = YES;
				CLANG_WARN_OBJC_ROOT_CLASS = YES_ERROR;
				CLANG_WARN_QUOTED_INCLUDE_IN_FRAMEWORK_HEADER = YES;
				CLANG_WARN_RANGE_LOOP_ANALYSIS = YES;
				CLANG_WARN_STRICT_PROTOTYPES = YES;
				CLANG_WARN_SUSPICIOUS_MOVE = YES;
				CLANG_WARN_UNGUARDED_AVAILABILITY = YES_AGGRESSIVE;
				CLANG_WARN_UNREACHABLE_CODE = YES;
				CLANG_WARN__DUPLICATE_METHOD_MATCH = YES;
				COPY_PHASE_STRIP = NO;
				DEBUG_INFORMATION_FORMAT = "dwarf-with-dsym";
				ENABLE_NS_ASSERTIONS = NO;
				ENABLE_STRICT_OBJC_MSGSEND = YES;
				GCC_C_LANGUAGE_STANDARD = gnu11;
				GCC_NO_COMMON_BLOCKS = YES;
				GCC_WARN_64_TO_32_BIT_CONVERSION = YES;
				GCC_WARN_ABOUT_RETURN_TYPE = YES_ERROR;
				GCC_WARN_UNDECLARED_SELECTOR = YES;
				GCC_WARN_UNINITIALIZED_AUTOS = YES_AGGRESSIVE;
				GCC_WARN_UNUSED_FUNCTION = YES;
				GCC_WARN_UNUSED_VARIABLE = YES;
				IPHONEOS_DEPLOYMENT_TARGET = 15.0;
				MTL_ENABLE_DEBUG_INFO = NO;
				MTL_FAST_MATH = YES;
				SDKROOT = iphoneos;
				SWIFT_COMPILATION_MODE = wholemodule;
				SWIFT_OPTIMIZATION_LEVEL = "-O";
				VALIDATE_PRODUCT = YES;
			};
			name = Release;
		};
		F9E294322794FC98005D7E62 /* Debug */ = {
			isa = XCBuildConfiguration;
			buildSettings = {
				ASSETCATALOG_COMPILER_APPICON_NAME = AppIcon;
				ASSETCATALOG_COMPILER_GLOBAL_ACCENT_COLOR_NAME = AccentColor;
				CODE_SIGN_STYLE = Automatic;
				CURRENT_PROJECT_VERSION = 1;
				DEVELOPMENT_TEAM = ZT5G2TR8UG;
				GENERATE_INFOPLIST_FILE = YES;
				INFOPLIST_FILE = DrawingAR/Info.plist;
				INFOPLIST_KEY_UIApplicationSupportsIndirectInputEvents = YES;
				INFOPLIST_KEY_UILaunchStoryboardName = LaunchScreen;
				INFOPLIST_KEY_UIMainStoryboardFile = Main;
				INFOPLIST_KEY_UISupportedInterfaceOrientations_iPad = "UIInterfaceOrientationPortrait UIInterfaceOrientationPortraitUpsideDown UIInterfaceOrientationLandscapeLeft UIInterfaceOrientationLandscapeRight";
				INFOPLIST_KEY_UISupportedInterfaceOrientations_iPhone = "UIInterfaceOrientationPortrait UIInterfaceOrientationLandscapeLeft UIInterfaceOrientationLandscapeRight";
				LD_RUNPATH_SEARCH_PATHS = (
					"$(inherited)",
					"@executable_path/Frameworks",
				);
				MARKETING_VERSION = 1.0;
				PRODUCT_BUNDLE_IDENTIFIER = wahleapps.DrawingAR;
				PRODUCT_NAME = "$(TARGET_NAME)";
				SWIFT_EMIT_LOC_STRINGS = YES;
				SWIFT_VERSION = 5.0;
				TARGETED_DEVICE_FAMILY = "1,2";
			};
			name = Debug;
		};
		F9E294332794FC98005D7E62 /* Release */ = {
			isa = XCBuildConfiguration;
			buildSettings = {
				ASSETCATALOG_COMPILER_APPICON_NAME = AppIcon;
				ASSETCATALOG_COMPILER_GLOBAL_ACCENT_COLOR_NAME = AccentColor;
				CODE_SIGN_STYLE = Automatic;
				CURRENT_PROJECT_VERSION = 1;
				DEVELOPMENT_TEAM = ZT5G2TR8UG;
				GENERATE_INFOPLIST_FILE = YES;
				INFOPLIST_FILE = DrawingAR/Info.plist;
				INFOPLIST_KEY_UIApplicationSupportsIndirectInputEvents = YES;
				INFOPLIST_KEY_UILaunchStoryboardName = LaunchScreen;
				INFOPLIST_KEY_UIMainStoryboardFile = Main;
				INFOPLIST_KEY_UISupportedInterfaceOrientations_iPad = "UIInterfaceOrientationPortrait UIInterfaceOrientationPortraitUpsideDown UIInterfaceOrientationLandscapeLeft UIInterfaceOrientationLandscapeRight";
				INFOPLIST_KEY_UISupportedInterfaceOrientations_iPhone = "UIInterfaceOrientationPortrait UIInterfaceOrientationLandscapeLeft UIInterfaceOrientationLandscapeRight";
				LD_RUNPATH_SEARCH_PATHS = (
					"$(inherited)",
					"@executable_path/Frameworks",
				);
				MARKETING_VERSION = 1.0;
				PRODUCT_BUNDLE_IDENTIFIER = wahleapps.DrawingAR;
				PRODUCT_NAME = "$(TARGET_NAME)";
				SWIFT_EMIT_LOC_STRINGS = YES;
				SWIFT_VERSION = 5.0;
				TARGETED_DEVICE_FAMILY = "1,2";
			};
			name = Release;
		};
		F9E294352794FC98005D7E62 /* Debug */ = {
			isa = XCBuildConfiguration;
			buildSettings = {
				ALWAYS_EMBED_SWIFT_STANDARD_LIBRARIES = YES;
				BUNDLE_LOADER = "$(TEST_HOST)";
				CODE_SIGN_STYLE = Automatic;
				CURRENT_PROJECT_VERSION = 1;
				DEVELOPMENT_TEAM = ZT5G2TR8UG;
				GENERATE_INFOPLIST_FILE = YES;
				IPHONEOS_DEPLOYMENT_TARGET = 15.0;
				LD_RUNPATH_SEARCH_PATHS = (
					"$(inherited)",
					"@executable_path/Frameworks",
					"@loader_path/Frameworks",
				);
				MARKETING_VERSION = 1.0;
				PRODUCT_BUNDLE_IDENTIFIER = wahleapps.DrawingARTests;
				PRODUCT_NAME = "$(TARGET_NAME)";
				SWIFT_EMIT_LOC_STRINGS = NO;
				SWIFT_VERSION = 5.0;
				TARGETED_DEVICE_FAMILY = "1,2";
				TEST_HOST = "$(BUILT_PRODUCTS_DIR)/DrawingAR.app/DrawingAR";
			};
			name = Debug;
		};
		F9E294362794FC98005D7E62 /* Release */ = {
			isa = XCBuildConfiguration;
			buildSettings = {
				ALWAYS_EMBED_SWIFT_STANDARD_LIBRARIES = YES;
				BUNDLE_LOADER = "$(TEST_HOST)";
				CODE_SIGN_STYLE = Automatic;
				CURRENT_PROJECT_VERSION = 1;
				DEVELOPMENT_TEAM = ZT5G2TR8UG;
				GENERATE_INFOPLIST_FILE = YES;
				IPHONEOS_DEPLOYMENT_TARGET = 15.0;
				LD_RUNPATH_SEARCH_PATHS = (
					"$(inherited)",
					"@executable_path/Frameworks",
					"@loader_path/Frameworks",
				);
				MARKETING_VERSION = 1.0;
				PRODUCT_BUNDLE_IDENTIFIER = wahleapps.DrawingARTests;
				PRODUCT_NAME = "$(TARGET_NAME)";
				SWIFT_EMIT_LOC_STRINGS = NO;
				SWIFT_VERSION = 5.0;
				TARGETED_DEVICE_FAMILY = "1,2";
				TEST_HOST = "$(BUILT_PRODUCTS_DIR)/DrawingAR.app/DrawingAR";
			};
			name = Release;
		};
		F9E294382794FC98005D7E62 /* Debug */ = {
			isa = XCBuildConfiguration;
			buildSettings = {
				ALWAYS_EMBED_SWIFT_STANDARD_LIBRARIES = YES;
				CODE_SIGN_STYLE = Automatic;
				CURRENT_PROJECT_VERSION = 1;
				DEVELOPMENT_TEAM = ZT5G2TR8UG;
				GENERATE_INFOPLIST_FILE = YES;
				LD_RUNPATH_SEARCH_PATHS = (
					"$(inherited)",
					"@executable_path/Frameworks",
					"@loader_path/Frameworks",
				);
				MARKETING_VERSION = 1.0;
				PRODUCT_BUNDLE_IDENTIFIER = wahleapps.DrawingARUITests;
				PRODUCT_NAME = "$(TARGET_NAME)";
				SWIFT_EMIT_LOC_STRINGS = NO;
				SWIFT_VERSION = 5.0;
				TARGETED_DEVICE_FAMILY = "1,2";
				TEST_TARGET_NAME = DrawingAR;
			};
			name = Debug;
		};
		F9E294392794FC98005D7E62 /* Release */ = {
			isa = XCBuildConfiguration;
			buildSettings = {
				ALWAYS_EMBED_SWIFT_STANDARD_LIBRARIES = YES;
				CODE_SIGN_STYLE = Automatic;
				CURRENT_PROJECT_VERSION = 1;
				DEVELOPMENT_TEAM = ZT5G2TR8UG;
				GENERATE_INFOPLIST_FILE = YES;
				LD_RUNPATH_SEARCH_PATHS = (
					"$(inherited)",
					"@executable_path/Frameworks",
					"@loader_path/Frameworks",
				);
				MARKETING_VERSION = 1.0;
				PRODUCT_BUNDLE_IDENTIFIER = wahleapps.DrawingARUITests;
				PRODUCT_NAME = "$(TARGET_NAME)";
				SWIFT_EMIT_LOC_STRINGS = NO;
				SWIFT_VERSION = 5.0;
				TARGETED_DEVICE_FAMILY = "1,2";
				TEST_TARGET_NAME = DrawingAR;
			};
			name = Release;
		};
/* End XCBuildConfiguration section */

/* Begin XCConfigurationList section */
		F9E294022794FC96005D7E62 /* Build configuration list for PBXProject "DrawingAR" */ = {
			isa = XCConfigurationList;
			buildConfigurations = (
				F9E2942F2794FC98005D7E62 /* Debug */,
				F9E294302794FC98005D7E62 /* Release */,
			);
			defaultConfigurationIsVisible = 0;
			defaultConfigurationName = Release;
		};
		F9E294312794FC98005D7E62 /* Build configuration list for PBXNativeTarget "DrawingAR" */ = {
			isa = XCConfigurationList;
			buildConfigurations = (
				F9E294322794FC98005D7E62 /* Debug */,
				F9E294332794FC98005D7E62 /* Release */,
			);
			defaultConfigurationIsVisible = 0;
			defaultConfigurationName = Release;
		};
		F9E294342794FC98005D7E62 /* Build configuration list for PBXNativeTarget "DrawingARTests" */ = {
			isa = XCConfigurationList;
			buildConfigurations = (
				F9E294352794FC98005D7E62 /* Debug */,
				F9E294362794FC98005D7E62 /* Release */,
			);
			defaultConfigurationIsVisible = 0;
			defaultConfigurationName = Release;
		};
		F9E294372794FC98005D7E62 /* Build configuration list for PBXNativeTarget "DrawingARUITests" */ = {
			isa = XCConfigurationList;
			buildConfigurations = (
				F9E294382794FC98005D7E62 /* Debug */,
				F9E294392794FC98005D7E62 /* Release */,
			);
			defaultConfigurationIsVisible = 0;
			defaultConfigurationName = Release;
		};
/* End XCConfigurationList section */
	};
	rootObject = F9E293FF2794FC96005D7E62 /* Project object */;
}
